// !$*UTF8*$!
{
	archiveVersion = 1;
	classes = {
	};
	objectVersion = 56;
	objects = {

/* Begin PBXBuildFile section */
		164FC6F429259DF3006FE9D3 /* PokeyApp.swift in Sources */ = {isa = PBXBuildFile; fileRef = 164FC6F329259DF3006FE9D3 /* PokeyApp.swift */; };
		164FC6F829259DF5006FE9D3 /* Assets.xcassets in Resources */ = {isa = PBXBuildFile; fileRef = 164FC6F729259DF5006FE9D3 /* Assets.xcassets */; };
		164FC6FB29259DF5006FE9D3 /* Preview Assets.xcassets in Resources */ = {isa = PBXBuildFile; fileRef = 164FC6FA29259DF5006FE9D3 /* Preview Assets.xcassets */; };
		164FC70B29259E64006FE9D3 /* PokedexService.swift in Sources */ = {isa = PBXBuildFile; fileRef = 164FC70229259E64006FE9D3 /* PokedexService.swift */; };
		164FC70C29259E64006FE9D3 /* TypeElement.swift in Sources */ = {isa = PBXBuildFile; fileRef = 164FC70329259E64006FE9D3 /* TypeElement.swift */; };
		164FC70D29259E65006FE9D3 /* pokedex-data.json in Resources */ = {isa = PBXBuildFile; fileRef = 164FC70429259E64006FE9D3 /* pokedex-data.json */; };
		164FC70E29259E65006FE9D3 /* Pokedex.swift in Sources */ = {isa = PBXBuildFile; fileRef = 164FC70529259E64006FE9D3 /* Pokedex.swift */; };
		164FC70F29259E65006FE9D3 /* Egg.swift in Sources */ = {isa = PBXBuildFile; fileRef = 164FC70629259E64006FE9D3 /* Egg.swift */; };
		164FC71029259E65006FE9D3 /* Evolution.swift in Sources */ = {isa = PBXBuildFile; fileRef = 164FC70729259E64006FE9D3 /* Evolution.swift */; };
		164FC71229259E65006FE9D3 /* Pokemon.swift in Sources */ = {isa = PBXBuildFile; fileRef = 164FC70929259E64006FE9D3 /* Pokemon.swift */; };
		164FC71729259EAF006FE9D3 /* PokedexViewModel.swift in Sources */ = {isa = PBXBuildFile; fileRef = 164FC71629259EAF006FE9D3 /* PokedexViewModel.swift */; };
		164FC71929259F54006FE9D3 /* PokemonViewModel.swift in Sources */ = {isa = PBXBuildFile; fileRef = 164FC71829259F54006FE9D3 /* PokemonViewModel.swift */; };
		164FC71B2925A588006FE9D3 /* PokemonDetailView.swift in Sources */ = {isa = PBXBuildFile; fileRef = 164FC71A2925A588006FE9D3 /* PokemonDetailView.swift */; };
		164FC71D2925C93D006FE9D3 /* EvolutionView.swift in Sources */ = {isa = PBXBuildFile; fileRef = 164FC71C2925C93D006FE9D3 /* EvolutionView.swift */; };
		164FC71F2925CE69006FE9D3 /* PokedexListView.swift in Sources */ = {isa = PBXBuildFile; fileRef = 164FC71E2925CE69006FE9D3 /* PokedexListView.swift */; };
		164FC7212925CE7A006FE9D3 /* PokedexListRowView.swift in Sources */ = {isa = PBXBuildFile; fileRef = 164FC7202925CE7A006FE9D3 /* PokedexListRowView.swift */; };
		164FC7232925DBCB006FE9D3 /* BackgroundColor.swift in Sources */ = {isa = PBXBuildFile; fileRef = 164FC7222925DBCB006FE9D3 /* BackgroundColor.swift */; };
		164FC7282926A032006FE9D3 /* pokey-font.ttf in Resources */ = {isa = PBXBuildFile; fileRef = 164FC72729269FC2006FE9D3 /* pokey-font.ttf */; };
		164FC72B2926A104006FE9D3 /* CustomFontModifier.swift in Sources */ = {isa = PBXBuildFile; fileRef = 164FC72A2926A104006FE9D3 /* CustomFontModifier.swift */; };
/* End PBXBuildFile section */

/* Begin PBXFileReference section */
		164FC6F029259DF3006FE9D3 /* Pokey.app */ = {isa = PBXFileReference; explicitFileType = wrapper.application; includeInIndex = 0; path = Pokey.app; sourceTree = BUILT_PRODUCTS_DIR; };
		164FC6F329259DF3006FE9D3 /* PokeyApp.swift */ = {isa = PBXFileReference; lastKnownFileType = sourcecode.swift; path = PokeyApp.swift; sourceTree = "<group>"; };
		164FC6F729259DF5006FE9D3 /* Assets.xcassets */ = {isa = PBXFileReference; lastKnownFileType = folder.assetcatalog; path = Assets.xcassets; sourceTree = "<group>"; };
		164FC6FA29259DF5006FE9D3 /* Preview Assets.xcassets */ = {isa = PBXFileReference; lastKnownFileType = folder.assetcatalog; path = "Preview Assets.xcassets"; sourceTree = "<group>"; };
		164FC70229259E64006FE9D3 /* PokedexService.swift */ = {isa = PBXFileReference; fileEncoding = 4; lastKnownFileType = sourcecode.swift; path = PokedexService.swift; sourceTree = "<group>"; };
		164FC70329259E64006FE9D3 /* TypeElement.swift */ = {isa = PBXFileReference; fileEncoding = 4; lastKnownFileType = sourcecode.swift; path = TypeElement.swift; sourceTree = "<group>"; };
		164FC70429259E64006FE9D3 /* pokedex-data.json */ = {isa = PBXFileReference; fileEncoding = 4; lastKnownFileType = text.json; path = "pokedex-data.json"; sourceTree = "<group>"; };
		164FC70529259E64006FE9D3 /* Pokedex.swift */ = {isa = PBXFileReference; fileEncoding = 4; lastKnownFileType = sourcecode.swift; path = Pokedex.swift; sourceTree = "<group>"; };
		164FC70629259E64006FE9D3 /* Egg.swift */ = {isa = PBXFileReference; fileEncoding = 4; lastKnownFileType = sourcecode.swift; path = Egg.swift; sourceTree = "<group>"; };
		164FC70729259E64006FE9D3 /* Evolution.swift */ = {isa = PBXFileReference; fileEncoding = 4; lastKnownFileType = sourcecode.swift; path = Evolution.swift; sourceTree = "<group>"; };
		164FC70929259E64006FE9D3 /* Pokemon.swift */ = {isa = PBXFileReference; fileEncoding = 4; lastKnownFileType = sourcecode.swift; path = Pokemon.swift; sourceTree = "<group>"; };
		164FC71629259EAF006FE9D3 /* PokedexViewModel.swift */ = {isa = PBXFileReference; lastKnownFileType = sourcecode.swift; path = PokedexViewModel.swift; sourceTree = "<group>"; };
		164FC71829259F54006FE9D3 /* PokemonViewModel.swift */ = {isa = PBXFileReference; lastKnownFileType = sourcecode.swift; path = PokemonViewModel.swift; sourceTree = "<group>"; };
		164FC71A2925A588006FE9D3 /* PokemonDetailView.swift */ = {isa = PBXFileReference; lastKnownFileType = sourcecode.swift; path = PokemonDetailView.swift; sourceTree = "<group>"; };
		164FC71C2925C93D006FE9D3 /* EvolutionView.swift */ = {isa = PBXFileReference; lastKnownFileType = sourcecode.swift; path = EvolutionView.swift; sourceTree = "<group>"; };
		164FC71E2925CE69006FE9D3 /* PokedexListView.swift */ = {isa = PBXFileReference; lastKnownFileType = sourcecode.swift; path = PokedexListView.swift; sourceTree = "<group>"; };
		164FC7202925CE7A006FE9D3 /* PokedexListRowView.swift */ = {isa = PBXFileReference; lastKnownFileType = sourcecode.swift; path = PokedexListRowView.swift; sourceTree = "<group>"; };
		164FC7222925DBCB006FE9D3 /* BackgroundColor.swift */ = {isa = PBXFileReference; lastKnownFileType = sourcecode.swift; path = BackgroundColor.swift; sourceTree = "<group>"; };
		164FC72729269FC2006FE9D3 /* pokey-font.ttf */ = {isa = PBXFileReference; lastKnownFileType = file; path = "pokey-font.ttf"; sourceTree = "<group>"; };
		164FC7292926A0B5006FE9D3 /* Info.plist */ = {isa = PBXFileReference; lastKnownFileType = text.plist; path = Info.plist; sourceTree = "<group>"; };
		164FC72A2926A104006FE9D3 /* CustomFontModifier.swift */ = {isa = PBXFileReference; lastKnownFileType = sourcecode.swift; path = CustomFontModifier.swift; sourceTree = "<group>"; };
/* End PBXFileReference section */

/* Begin PBXFrameworksBuildPhase section */
		164FC6ED29259DF3006FE9D3 /* Frameworks */ = {
			isa = PBXFrameworksBuildPhase;
			buildActionMask = 2147483647;
			files = (
			);
			runOnlyForDeploymentPostprocessing = 0;
		};
/* End PBXFrameworksBuildPhase section */

/* Begin PBXGroup section */
		164FC6E729259DF3006FE9D3 = {
			isa = PBXGroup;
			children = (
				164FC6F229259DF3006FE9D3 /* Pokey */,
				164FC6F129259DF3006FE9D3 /* Products */,
			);
			sourceTree = "<group>";
		};
		164FC6F129259DF3006FE9D3 /* Products */ = {
			isa = PBXGroup;
			children = (
				164FC6F029259DF3006FE9D3 /* Pokey.app */,
			);
			name = Products;
			sourceTree = "<group>";
		};
		164FC6F229259DF3006FE9D3 /* Pokey */ = {
			isa = PBXGroup;
			children = (
				164FC7292926A0B5006FE9D3 /* Info.plist */,
				164FC6F329259DF3006FE9D3 /* PokeyApp.swift */,
				164FC72629269FB5006FE9D3 /* Fonts */,
				164FC71529259E94006FE9D3 /* ViewModel */,
				164FC71429259E90006FE9D3 /* Views */,
				164FC70129259E46006FE9D3 /* Model */,
				164FC6F729259DF5006FE9D3 /* Assets.xcassets */,
				164FC6F929259DF5006FE9D3 /* Preview Content */,
			);
			path = Pokey;
			sourceTree = "<group>";
		};
		164FC6F929259DF5006FE9D3 /* Preview Content */ = {
			isa = PBXGroup;
			children = (
				164FC6FA29259DF5006FE9D3 /* Preview Assets.xcassets */,
			);
			path = "Preview Content";
			sourceTree = "<group>";
		};
		164FC70129259E46006FE9D3 /* Model */ = {
			isa = PBXGroup;
			children = (
				164FC70629259E64006FE9D3 /* Egg.swift */,
				164FC70729259E64006FE9D3 /* Evolution.swift */,
				164FC70429259E64006FE9D3 /* pokedex-data.json */,
				164FC70529259E64006FE9D3 /* Pokedex.swift */,
				164FC70229259E64006FE9D3 /* PokedexService.swift */,
				164FC70929259E64006FE9D3 /* Pokemon.swift */,
				164FC70329259E64006FE9D3 /* TypeElement.swift */,
			);
			path = Model;
			sourceTree = "<group>";
		};
		164FC71429259E90006FE9D3 /* Views */ = {
			isa = PBXGroup;
			children = (
				164FC71A2925A588006FE9D3 /* PokemonDetailView.swift */,
				164FC71C2925C93D006FE9D3 /* EvolutionView.swift */,
				164FC71E2925CE69006FE9D3 /* PokedexListView.swift */,
				164FC7202925CE7A006FE9D3 /* PokedexListRowView.swift */,
				164FC7222925DBCB006FE9D3 /* BackgroundColor.swift */,
			);
			path = Views;
			sourceTree = "<group>";
		};
		164FC71529259E94006FE9D3 /* ViewModel */ = {
			isa = PBXGroup;
			children = (
				164FC71629259EAF006FE9D3 /* PokedexViewModel.swift */,
				164FC71829259F54006FE9D3 /* PokemonViewModel.swift */,
			);
			path = ViewModel;
			sourceTree = "<group>";
		};
		164FC72629269FB5006FE9D3 /* Fonts */ = {
			isa = PBXGroup;
			children = (
				164FC72729269FC2006FE9D3 /* pokey-font.ttf */,
				164FC72A2926A104006FE9D3 /* CustomFontModifier.swift */,
			);
			path = Fonts;
			sourceTree = "<group>";
		};
/* End PBXGroup section */

/* Begin PBXNativeTarget section */
		164FC6EF29259DF3006FE9D3 /* Pokey */ = {
			isa = PBXNativeTarget;
			buildConfigurationList = 164FC6FE29259DF5006FE9D3 /* Build configuration list for PBXNativeTarget "Pokey" */;
			buildPhases = (
				164FC6EC29259DF3006FE9D3 /* Sources */,
				164FC6ED29259DF3006FE9D3 /* Frameworks */,
				164FC6EE29259DF3006FE9D3 /* Resources */,
			);
			buildRules = (
			);
			dependencies = (
			);
			name = Pokey;
			productName = Pokey;
			productReference = 164FC6F029259DF3006FE9D3 /* Pokey.app */;
			productType = "com.apple.product-type.application";
		};
/* End PBXNativeTarget section */

/* Begin PBXProject section */
		164FC6E829259DF3006FE9D3 /* Project object */ = {
			isa = PBXProject;
			attributes = {
				BuildIndependentTargetsInParallel = 1;
				LastSwiftUpdateCheck = 1400;
				LastUpgradeCheck = 1400;
				TargetAttributes = {
					164FC6EF29259DF3006FE9D3 = {
						CreatedOnToolsVersion = 14.0;
					};
				};
			};
			buildConfigurationList = 164FC6EB29259DF3006FE9D3 /* Build configuration list for PBXProject "Pokey" */;
			compatibilityVersion = "Xcode 14.0";
			developmentRegion = en;
			hasScannedForEncodings = 0;
			knownRegions = (
				en,
				Base,
			);
			mainGroup = 164FC6E729259DF3006FE9D3;
			productRefGroup = 164FC6F129259DF3006FE9D3 /* Products */;
			projectDirPath = "";
			projectRoot = "";
			targets = (
				164FC6EF29259DF3006FE9D3 /* Pokey */,
			);
		};
/* End PBXProject section */

/* Begin PBXResourcesBuildPhase section */
		164FC6EE29259DF3006FE9D3 /* Resources */ = {
			isa = PBXResourcesBuildPhase;
			buildActionMask = 2147483647;
			files = (
				164FC6FB29259DF5006FE9D3 /* Preview Assets.xcassets in Resources */,
				164FC6F829259DF5006FE9D3 /* Assets.xcassets in Resources */,
				164FC7282926A032006FE9D3 /* pokey-font.ttf in Resources */,
				164FC70D29259E65006FE9D3 /* pokedex-data.json in Resources */,
			);
			runOnlyForDeploymentPostprocessing = 0;
		};
/* End PBXResourcesBuildPhase section */

/* Begin PBXSourcesBuildPhase section */
		164FC6EC29259DF3006FE9D3 /* Sources */ = {
			isa = PBXSourcesBuildPhase;
			buildActionMask = 2147483647;
			files = (
				164FC7212925CE7A006FE9D3 /* PokedexListRowView.swift in Sources */,
				164FC70C29259E64006FE9D3 /* TypeElement.swift in Sources */,
				164FC72B2926A104006FE9D3 /* CustomFontModifier.swift in Sources */,
				164FC71729259EAF006FE9D3 /* PokedexViewModel.swift in Sources */,
				164FC70E29259E65006FE9D3 /* Pokedex.swift in Sources */,
				164FC71B2925A588006FE9D3 /* PokemonDetailView.swift in Sources */,
				164FC71029259E65006FE9D3 /* Evolution.swift in Sources */,
				164FC7232925DBCB006FE9D3 /* BackgroundColor.swift in Sources */,
				164FC71D2925C93D006FE9D3 /* EvolutionView.swift in Sources */,
				164FC71229259E65006FE9D3 /* Pokemon.swift in Sources */,
				164FC71F2925CE69006FE9D3 /* PokedexListView.swift in Sources */,
				164FC71929259F54006FE9D3 /* PokemonViewModel.swift in Sources */,
				164FC70F29259E65006FE9D3 /* Egg.swift in Sources */,
				164FC70B29259E64006FE9D3 /* PokedexService.swift in Sources */,
				164FC6F429259DF3006FE9D3 /* PokeyApp.swift in Sources */,
			);
			runOnlyForDeploymentPostprocessing = 0;
		};
/* End PBXSourcesBuildPhase section */

/* Begin XCBuildConfiguration section */
		164FC6FC29259DF5006FE9D3 /* Debug */ = {
			isa = XCBuildConfiguration;
			buildSettings = {
				ALWAYS_SEARCH_USER_PATHS = NO;
				CLANG_ANALYZER_NONNULL = YES;
				CLANG_ANALYZER_NUMBER_OBJECT_CONVERSION = YES_AGGRESSIVE;
				CLANG_CXX_LANGUAGE_STANDARD = "gnu++20";
				CLANG_ENABLE_MODULES = YES;
				CLANG_ENABLE_OBJC_ARC = YES;
				CLANG_ENABLE_OBJC_WEAK = YES;
				CLANG_WARN_BLOCK_CAPTURE_AUTORELEASING = YES;
				CLANG_WARN_BOOL_CONVERSION = YES;
				CLANG_WARN_COMMA = YES;
				CLANG_WARN_CONSTANT_CONVERSION = YES;
				CLANG_WARN_DEPRECATED_OBJC_IMPLEMENTATIONS = YES;
				CLANG_WARN_DIRECT_OBJC_ISA_USAGE = YES_ERROR;
				CLANG_WARN_DOCUMENTATION_COMMENTS = YES;
				CLANG_WARN_EMPTY_BODY = YES;
				CLANG_WARN_ENUM_CONVERSION = YES;
				CLANG_WARN_INFINITE_RECURSION = YES;
				CLANG_WARN_INT_CONVERSION = YES;
				CLANG_WARN_NON_LITERAL_NULL_CONVERSION = YES;
				CLANG_WARN_OBJC_IMPLICIT_RETAIN_SELF = YES;
				CLANG_WARN_OBJC_LITERAL_CONVERSION = YES;
				CLANG_WARN_OBJC_ROOT_CLASS = YES_ERROR;
				CLANG_WARN_QUOTED_INCLUDE_IN_FRAMEWORK_HEADER = YES;
				CLANG_WARN_RANGE_LOOP_ANALYSIS = YES;
				CLANG_WARN_STRICT_PROTOTYPES = YES;
				CLANG_WARN_SUSPICIOUS_MOVE = YES;
				CLANG_WARN_UNGUARDED_AVAILABILITY = YES_AGGRESSIVE;
				CLANG_WARN_UNREACHABLE_CODE = YES;
				CLANG_WARN__DUPLICATE_METHOD_MATCH = YES;
				COPY_PHASE_STRIP = NO;
				DEBUG_INFORMATION_FORMAT = dwarf;
				ENABLE_STRICT_OBJC_MSGSEND = YES;
				ENABLE_TESTABILITY = YES;
				GCC_C_LANGUAGE_STANDARD = gnu11;
				GCC_DYNAMIC_NO_PIC = NO;
				GCC_NO_COMMON_BLOCKS = YES;
				GCC_OPTIMIZATION_LEVEL = 0;
				GCC_PREPROCESSOR_DEFINITIONS = (
					"DEBUG=1",
					"$(inherited)",
				);
				GCC_WARN_64_TO_32_BIT_CONVERSION = YES;
				GCC_WARN_ABOUT_RETURN_TYPE = YES_ERROR;
				GCC_WARN_UNDECLARED_SELECTOR = YES;
				GCC_WARN_UNINITIALIZED_AUTOS = YES_AGGRESSIVE;
				GCC_WARN_UNUSED_FUNCTION = YES;
				GCC_WARN_UNUSED_VARIABLE = YES;
				IPHONEOS_DEPLOYMENT_TARGET = 16.0;
				MTL_ENABLE_DEBUG_INFO = INCLUDE_SOURCE;
				MTL_FAST_MATH = YES;
				ONLY_ACTIVE_ARCH = YES;
				SDKROOT = iphoneos;
				SWIFT_ACTIVE_COMPILATION_CONDITIONS = DEBUG;
				SWIFT_OPTIMIZATION_LEVEL = "-Onone";
			};
			name = Debug;
		};
		164FC6FD29259DF5006FE9D3 /* Release */ = {
			isa = XCBuildConfiguration;
			buildSettings = {
				ALWAYS_SEARCH_USER_PATHS = NO;
				CLANG_ANALYZER_NONNULL = YES;
				CLANG_ANALYZER_NUMBER_OBJECT_CONVERSION = YES_AGGRESSIVE;
				CLANG_CXX_LANGUAGE_STANDARD = "gnu++20";
				CLANG_ENABLE_MODULES = YES;
				CLANG_ENABLE_OBJC_ARC = YES;
				CLANG_ENABLE_OBJC_WEAK = YES;
				CLANG_WARN_BLOCK_CAPTURE_AUTORELEASING = YES;
				CLANG_WARN_BOOL_CONVERSION = YES;
				CLANG_WARN_COMMA = YES;
				CLANG_WARN_CONSTANT_CONVERSION = YES;
				CLANG_WARN_DEPRECATED_OBJC_IMPLEMENTATIONS = YES;
				CLANG_WARN_DIRECT_OBJC_ISA_USAGE = YES_ERROR;
				CLANG_WARN_DOCUMENTATION_COMMENTS = YES;
				CLANG_WARN_EMPTY_BODY = YES;
				CLANG_WARN_ENUM_CONVERSION = YES;
				CLANG_WARN_INFINITE_RECURSION = YES;
				CLANG_WARN_INT_CONVERSION = YES;
				CLANG_WARN_NON_LITERAL_NULL_CONVERSION = YES;
				CLANG_WARN_OBJC_IMPLICIT_RETAIN_SELF = YES;
				CLANG_WARN_OBJC_LITERAL_CONVERSION = YES;
				CLANG_WARN_OBJC_ROOT_CLASS = YES_ERROR;
				CLANG_WARN_QUOTED_INCLUDE_IN_FRAMEWORK_HEADER = YES;
				CLANG_WARN_RANGE_LOOP_ANALYSIS = YES;
				CLANG_WARN_STRICT_PROTOTYPES = YES;
				CLANG_WARN_SUSPICIOUS_MOVE = YES;
				CLANG_WARN_UNGUARDED_AVAILABILITY = YES_AGGRESSIVE;
				CLANG_WARN_UNREACHABLE_CODE = YES;
				CLANG_WARN__DUPLICATE_METHOD_MATCH = YES;
				COPY_PHASE_STRIP = NO;
				DEBUG_INFORMATION_FORMAT = "dwarf-with-dsym";
				ENABLE_NS_ASSERTIONS = NO;
				ENABLE_STRICT_OBJC_MSGSEND = YES;
				GCC_C_LANGUAGE_STANDARD = gnu11;
				GCC_NO_COMMON_BLOCKS = YES;
				GCC_WARN_64_TO_32_BIT_CONVERSION = YES;
				GCC_WARN_ABOUT_RETURN_TYPE = YES_ERROR;
				GCC_WARN_UNDECLARED_SELECTOR = YES;
				GCC_WARN_UNINITIALIZED_AUTOS = YES_AGGRESSIVE;
				GCC_WARN_UNUSED_FUNCTION = YES;
				GCC_WARN_UNUSED_VARIABLE = YES;
				IPHONEOS_DEPLOYMENT_TARGET = 16.0;
				MTL_ENABLE_DEBUG_INFO = NO;
				MTL_FAST_MATH = YES;
				SDKROOT = iphoneos;
				SWIFT_COMPILATION_MODE = wholemodule;
				SWIFT_OPTIMIZATION_LEVEL = "-O";
				VALIDATE_PRODUCT = YES;
			};
			name = Release;
		};
		164FC6FF29259DF5006FE9D3 /* Debug */ = {
			isa = XCBuildConfiguration;
			buildSettings = {
				ASSETCATALOG_COMPILER_APPICON_NAME = AppIcon;
				ASSETCATALOG_COMPILER_GLOBAL_ACCENT_COLOR_NAME = AccentColor;
				CODE_SIGN_STYLE = Automatic;
				CURRENT_PROJECT_VERSION = 1;
				DEVELOPMENT_ASSET_PATHS = "\"Pokey/Preview Content\"";
				DEVELOPMENT_TEAM = M23G284TD2;
				ENABLE_PREVIEWS = YES;
				GENERATE_INFOPLIST_FILE = YES;
				INFOPLIST_FILE = Pokey/Info.plist;
				INFOPLIST_KEY_UIApplicationSceneManifest_Generation = YES;
				INFOPLIST_KEY_UIApplicationSupportsIndirectInputEvents = YES;
				INFOPLIST_KEY_UILaunchScreen_Generation = YES;
				INFOPLIST_KEY_UISupportedInterfaceOrientations_iPad = "UIInterfaceOrientationPortrait UIInterfaceOrientationPortraitUpsideDown UIInterfaceOrientationLandscapeLeft UIInterfaceOrientationLandscapeRight";
				INFOPLIST_KEY_UISupportedInterfaceOrientations_iPhone = "UIInterfaceOrientationPortrait UIInterfaceOrientationLandscapeLeft UIInterfaceOrientationLandscapeRight";
				LD_RUNPATH_SEARCH_PATHS = (
					"$(inherited)",
					"@executable_path/Frameworks",
				);
				MARKETING_VERSION = 1.0;
				PRODUCT_BUNDLE_IDENTIFIER = alecnipp.Pokey;
				PRODUCT_NAME = "$(TARGET_NAME)";
				SWIFT_EMIT_LOC_STRINGS = YES;
				SWIFT_VERSION = 5.0;
				TARGETED_DEVICE_FAMILY = "1,2";
			};
			name = Debug;
		};
		164FC70029259DF5006FE9D3 /* Release */ = {
			isa = XCBuildConfiguration;
			buildSettings = {
				ASSETCATALOG_COMPILER_APPICON_NAME = AppIcon;
				ASSETCATALOG_COMPILER_GLOBAL_ACCENT_COLOR_NAME = AccentColor;
				CODE_SIGN_STYLE = Automatic;
				CURRENT_PROJECT_VERSION = 1;
				DEVELOPMENT_ASSET_PATHS = "\"Pokey/Preview Content\"";
				DEVELOPMENT_TEAM = M23G284TD2;
				ENABLE_PREVIEWS = YES;
				GENERATE_INFOPLIST_FILE = YES;
				INFOPLIST_FILE = Pokey/Info.plist;
				INFOPLIST_KEY_UIApplicationSceneManifest_Generation = YES;
				INFOPLIST_KEY_UIApplicationSupportsIndirectInputEvents = YES;
				INFOPLIST_KEY_UILaunchScreen_Generation = YES;
				INFOPLIST_KEY_UISupportedInterfaceOrientations_iPad = "UIInterfaceOrientationPortrait UIInterfaceOrientationPortraitUpsideDown UIInterfaceOrientationLandscapeLeft UIInterfaceOrientationLandscapeRight";
				INFOPLIST_KEY_UISupportedInterfaceOrientations_iPhone = "UIInterfaceOrientationPortrait UIInterfaceOrientationLandscapeLeft UIInterfaceOrientationLandscapeRight";
				LD_RUNPATH_SEARCH_PATHS = (
					"$(inherited)",
					"@executable_path/Frameworks",
				);
				MARKETING_VERSION = 1.0;
				PRODUCT_BUNDLE_IDENTIFIER = alecnipp.Pokey;
				PRODUCT_NAME = "$(TARGET_NAME)";
				SWIFT_EMIT_LOC_STRINGS = YES;
				SWIFT_VERSION = 5.0;
				TARGETED_DEVICE_FAMILY = "1,2";
			};
			name = Release;
		};
/* End XCBuildConfiguration section */

/* Begin XCConfigurationList section */
		164FC6EB29259DF3006FE9D3 /* Build configuration list for PBXProject "Pokey" */ = {
			isa = XCConfigurationList;
			buildConfigurations = (
				164FC6FC29259DF5006FE9D3 /* Debug */,
				164FC6FD29259DF5006FE9D3 /* Release */,
			);
			defaultConfigurationIsVisible = 0;
			defaultConfigurationName = Release;
		};
		164FC6FE29259DF5006FE9D3 /* Build configuration list for PBXNativeTarget "Pokey" */ = {
			isa = XCConfigurationList;
			buildConfigurations = (
				164FC6FF29259DF5006FE9D3 /* Debug */,
				164FC70029259DF5006FE9D3 /* Release */,
			);
			defaultConfigurationIsVisible = 0;
			defaultConfigurationName = Release;
		};
/* End XCConfigurationList section */
	};
	rootObject = 164FC6E829259DF3006FE9D3 /* Project object */;
}
